
Microsoft Visual Studio Solution File, Format Version 12.00
# Visual Studio Version 17
VisualStudioVersion = 17.0.31903.59
MinimumVisualStudioVersion = 10.0.40219.1
Project("{2150E333-8FDC-42A3-9474-1A3956D46DE8}") = "src", "src", "{827E0CD3-B72D-47B6-A68D-7590B98EB39B}"
EndProject
Project("{FAE04EC0-301F-11D3-BF4B-00C04F79EFBC}") = "SafeVault.Api", "src\SafeVault.Api\SafeVault.Api.csproj", "{E547C6BB-9E72-43FC-A4CC-7FBF521AACC4}"
EndProject
Project("{FAE04EC0-301F-11D3-BF4B-00C04F79EFBC}") = "SafeVault.Core", "src\SafeVault.Core\SafeVault.Core.csproj", "{8C0AA9A9-362B-4B76-8FA4-8F4799123550}"
EndProject
Project("{FAE04EC0-301F-11D3-BF4B-00C04F79EFBC}") = "SafeVault.Infrastructure", "src\SafeVault.Infrastructure\SafeVault.Infrastructure.csproj", "{A18E9778-04D6-407D-9838-BA6EAFC9F385}"
EndProject
Project("{2150E333-8FDC-42A3-9474-1A3956D46DE8}") = "tests", "tests", "{0AB3BF05-4346-4AA6-1389-037BE0695223}"
EndProject
Project("{FAE04EC0-301F-11D3-BF4B-00C04F79EFBC}") = "SafeVault.Tests", "tests\SafeVault.Tests\SafeVault.Tests.csproj", "{13DF6B80-73EB-4D88-B4BD-CD7CF1102871}"
EndProject
Global
	GlobalSection(SolutionConfigurationPlatforms) = preSolution
		Debug|Any CPU = Debug|Any CPU
		Debug|x64 = Debug|x64
		Debug|x86 = Debug|x86
		Release|Any CPU = Release|Any CPU
		Release|x64 = Release|x64
		Release|x86 = Release|x86
	EndGlobalSection
	GlobalSection(ProjectConfigurationPlatforms) = postSolution
		{E547C6BB-9E72-43FC-A4CC-7FBF521AACC4}.Debug|Any CPU.ActiveCfg = Debug|Any CPU
		{E547C6BB-9E72-43FC-A4CC-7FBF521AACC4}.Debug|Any CPU.Build.0 = Debug|Any CPU
		{E547C6BB-9E72-43FC-A4CC-7FBF521AACC4}.Debug|x64.ActiveCfg = Debug|Any CPU
		{E547C6BB-9E72-43FC-A4CC-7FBF521AACC4}.Debug|x64.Build.0 = Debug|Any CPU
		{E547C6BB-9E72-43FC-A4CC-7FBF521AACC4}.Debug|x86.ActiveCfg = Debug|Any CPU
		{E547C6BB-9E72-43FC-A4CC-7FBF521AACC4}.Debug|x86.Build.0 = Debug|Any CPU
		{E547C6BB-9E72-43FC-A4CC-7FBF521AACC4}.Release|Any CPU.ActiveCfg = Release|Any CPU
		{E547C6BB-9E72-43FC-A4CC-7FBF521AACC4}.Release|Any CPU.Build.0 = Release|Any CPU
		{E547C6BB-9E72-43FC-A4CC-7FBF521AACC4}.Release|x64.ActiveCfg = Release|Any CPU
		{E547C6BB-9E72-43FC-A4CC-7FBF521AACC4}.Release|x64.Build.0 = Release|Any CPU
		{E547C6BB-9E72-43FC-A4CC-7FBF521AACC4}.Release|x86.ActiveCfg = Release|Any CPU
		{E547C6BB-9E72-43FC-A4CC-7FBF521AACC4}.Release|x86.Build.0 = Release|Any CPU
		{8C0AA9A9-362B-4B76-8FA4-8F4799123550}.Debug|Any CPU.ActiveCfg = Debug|Any CPU
		{8C0AA9A9-362B-4B76-8FA4-8F4799123550}.Debug|Any CPU.Build.0 = Debug|Any CPU
		{8C0AA9A9-362B-4B76-8FA4-8F4799123550}.Debug|x64.ActiveCfg = Debug|Any CPU
		{8C0AA9A9-362B-4B76-8FA4-8F4799123550}.Debug|x64.Build.0 = Debug|Any CPU
		{8C0AA9A9-362B-4B76-8FA4-8F4799123550}.Debug|x86.ActiveCfg = Debug|Any CPU
		{8C0AA9A9-362B-4B76-8FA4-8F4799123550}.Debug|x86.Build.0 = Debug|Any CPU
		{8C0AA9A9-362B-4B76-8FA4-8F4799123550}.Release|Any CPU.ActiveCfg = Release|Any CPU
		{8C0AA9A9-362B-4B76-8FA4-8F4799123550}.Release|Any CPU.Build.0 = Release|Any CPU
		{8C0AA9A9-362B-4B76-8FA4-8F4799123550}.Release|x64.ActiveCfg = Release|Any CPU
		{8C0AA9A9-362B-4B76-8FA4-8F4799123550}.Release|x64.Build.0 = Release|Any CPU
		{8C0AA9A9-362B-4B76-8FA4-8F4799123550}.Release|x86.ActiveCfg = Release|Any CPU
		{8C0AA9A9-362B-4B76-8FA4-8F4799123550}.Release|x86.Build.0 = Release|Any CPU
		{A18E9778-04D6-407D-9838-BA6EAFC9F385}.Debug|Any CPU.ActiveCfg = Debug|Any CPU
		{A18E9778-04D6-407D-9838-BA6EAFC9F385}.Debug|Any CPU.Build.0 = Debug|Any CPU
		{A18E9778-04D6-407D-9838-BA6EAFC9F385}.Debug|x64.ActiveCfg = Debug|Any CPU
		{A18E9778-04D6-407D-9838-BA6EAFC9F385}.Debug|x64.Build.0 = Debug|Any CPU
		{A18E9778-04D6-407D-9838-BA6EAFC9F385}.Debug|x86.ActiveCfg = Debug|Any CPU
		{A18E9778-04D6-407D-9838-BA6EAFC9F385}.Debug|x86.Build.0 = Debug|Any CPU
		{A18E9778-04D6-407D-9838-BA6EAFC9F385}.Release|Any CPU.ActiveCfg = Release|Any CPU
		{A18E9778-04D6-407D-9838-BA6EAFC9F385}.Release|Any CPU.Build.0 = Release|Any CPU
		{A18E9778-04D6-407D-9838-BA6EAFC9F385}.Release|x64.ActiveCfg = Release|Any CPU
		{A18E9778-04D6-407D-9838-BA6EAFC9F385}.Release|x64.Build.0 = Release|Any CPU
		{A18E9778-04D6-407D-9838-BA6EAFC9F385}.Release|x86.ActiveCfg = Release|Any CPU
		{A18E9778-04D6-407D-9838-BA6EAFC9F385}.Release|x86.Build.0 = Release|Any CPU
		{13DF6B80-73EB-4D88-B4BD-CD7CF1102871}.Debug|Any CPU.ActiveCfg = Debug|Any CPU
		{13DF6B80-73EB-4D88-B4BD-CD7CF1102871}.Debug|Any CPU.Build.0 = Debug|Any CPU
		{13DF6B80-73EB-4D88-B4BD-CD7CF1102871}.Debug|x64.ActiveCfg = Debug|Any CPU
		{13DF6B80-73EB-4D88-B4BD-CD7CF1102871}.Debug|x64.Build.0 = Debug|Any CPU
		{13DF6B80-73EB-4D88-B4BD-CD7CF1102871}.Debug|x86.ActiveCfg = Debug|Any CPU
		{13DF6B80-73EB-4D88-B4BD-CD7CF1102871}.Debug|x86.Build.0 = Debug|Any CPU
		{13DF6B80-73EB-4D88-B4BD-CD7CF1102871}.Release|Any CPU.ActiveCfg = Release|Any CPU
		{13DF6B80-73EB-4D88-B4BD-CD7CF1102871}.Release|Any CPU.Build.0 = Release|Any CPU
		{13DF6B80-73EB-4D88-B4BD-CD7CF1102871}.Release|x64.ActiveCfg = Release|Any CPU
		{13DF6B80-73EB-4D88-B4BD-CD7CF1102871}.Release|x64.Build.0 = Release|Any CPU
		{13DF6B80-73EB-4D88-B4BD-CD7CF1102871}.Release|x86.ActiveCfg = Release|Any CPU
		{13DF6B80-73EB-4D88-B4BD-CD7CF1102871}.Release|x86.Build.0 = Release|Any CPU
	EndGlobalSection
	GlobalSection(SolutionProperties) = preSolution
		HideSolutionNode = FALSE
	EndGlobalSection
	GlobalSection(NestedProjects) = preSolution
		{E547C6BB-9E72-43FC-A4CC-7FBF521AACC4} = {827E0CD3-B72D-47B6-A68D-7590B98EB39B}
		{8C0AA9A9-362B-4B76-8FA4-8F4799123550} = {827E0CD3-B72D-47B6-A68D-7590B98EB39B}
		{A18E9778-04D6-407D-9838-BA6EAFC9F385} = {827E0CD3-B72D-47B6-A68D-7590B98EB39B}
		{13DF6B80-73EB-4D88-B4BD-CD7CF1102871} = {0AB3BF05-4346-4AA6-1389-037BE0695223}
	EndGlobalSection
EndGlobal
